{
  "name": "assets",
  "lockfileVersion": 3,
  "requires": true,
  "packages": {
    "": {
      "devDependencies": {
        "daisyui": "^5.0.6"
      }
    },
    "node_modules/daisyui": {
      "version": "5.0.6",
      "resolved": "https://registry.npmjs.org/daisyui/-/daisyui-5.0.6.tgz",
      "integrity": "sha512-/e/9Gw/2y9oawBJlWkJMSEhRXdmfOLvcPl+6q/x2rPEdIVOtebs1t3ex2vwySl9vCRs1GGNBKCiL+P60Ps/wUw==",
      "dev": true,
      "license": "MIT",
      "funding": {
        "url": "https://github.com/saadeghi/daisyui?sponsor=1"
      }
    }
  }
}
