{
  "name": "assets",
  "lockfileVersion": 3,
  "requires": true,
  "packages": {
    "": {
      "devDependencies": {
        "daisyui": "^5.0.0"
      }
    },
    "node_modules/daisyui": {
      "version": "5.0.0",
      "resolved": "https://registry.npmjs.org/daisyui/-/daisyui-5.0.0.tgz",
      "integrity": "sha512-U0K9Bac3Bi3zZGm6ojrw12F0vBHTpEgf46zv/BYxLe07hF0Xnx7emIQliwaRBgJuYhY0BhwQ6wSnq5cJXHA2yA==",
      "dev": true,
      "license": "MIT",
      "funding": {
        "url": "https://github.com/saadeghi/daisyui?sponsor=1"
      }
    }
  }
}
